// !$*UTF8*$!
{
	archiveVersion = 1;
	classes = {
	};
	objectVersion = 46;
	objects = {

/* Begin PBXBuildFile section */
		7878F1381BE9DD4000C1F50E /* main.m in Sources */ = {isa = PBXBuildFile; fileRef = 7878F1371BE9DD4000C1F50E /* main.m */; };
		7878F1531BE9DF7B00C1F50E /* Good.m in Sources */ = {isa = PBXBuildFile; fileRef = 7878F14E1BE9DF7B00C1F50E /* Good.m */; settings = {ASSET_TAGS = (); }; };
		7878F1541BE9DF7B00C1F50E /* Privilege.m in Sources */ = {isa = PBXBuildFile; fileRef = 7878F1501BE9DF7B00C1F50E /* Privilege.m */; settings = {ASSET_TAGS = (); }; };
		7878F1551BE9DF7B00C1F50E /* Promotion.m in Sources */ = {isa = PBXBuildFile; fileRef = 7878F1521BE9DF7B00C1F50E /* Promotion.m */; settings = {ASSET_TAGS = (); }; };
		7878F1591BE9DF9100C1F50E /* NSDate+Addition.m in Sources */ = {isa = PBXBuildFile; fileRef = 7878F1581BE9DF9100C1F50E /* NSDate+Addition.m */; settings = {ASSET_TAGS = (); }; };
		78F3F9101BEAE56B00C32300 /* NSString+Addition.m in Sources */ = {isa = PBXBuildFile; fileRef = 78F3F90F1BEAE56B00C32300 /* NSString+Addition.m */; settings = {ASSET_TAGS = (); }; };
/* End PBXBuildFile section */

/* Begin PBXCopyFilesBuildPhase section */
		7878F1321BE9DD4000C1F50E /* CopyFiles */ = {
			isa = PBXCopyFilesBuildPhase;
			buildActionMask = 2147483647;
			dstPath = /usr/share/man/man1/;
			dstSubfolderSpec = 0;
			files = (
			);
			runOnlyForDeploymentPostprocessing = 1;
		};
/* End PBXCopyFilesBuildPhase section */

/* Begin PBXFileReference section */
		7878F1341BE9DD4000C1F50E /* wisdomExercise */ = {isa = PBXFileReference; explicitFileType = "compiled.mach-o.executable"; includeInIndex = 0; path = wisdomExercise; sourceTree = BUILT_PRODUCTS_DIR; };
		7878F1371BE9DD4000C1F50E /* main.m */ = {isa = PBXFileReference; lastKnownFileType = sourcecode.c.objc; path = main.m; sourceTree = "<group>"; };
		7878F14D1BE9DF7B00C1F50E /* Good.h */ = {isa = PBXFileReference; fileEncoding = 4; lastKnownFileType = sourcecode.c.h; path = Good.h; sourceTree = "<group>"; };
		7878F14E1BE9DF7B00C1F50E /* Good.m */ = {isa = PBXFileReference; fileEncoding = 4; lastKnownFileType = sourcecode.c.objc; path = Good.m; sourceTree = "<group>"; };
		7878F14F1BE9DF7B00C1F50E /* Privilege.h */ = {isa = PBXFileReference; fileEncoding = 4; lastKnownFileType = sourcecode.c.h; path = Privilege.h; sourceTree = "<group>"; };
		7878F1501BE9DF7B00C1F50E /* Privilege.m */ = {isa = PBXFileReference; fileEncoding = 4; lastKnownFileType = sourcecode.c.objc; path = Privilege.m; sourceTree = "<group>"; };
		7878F1511BE9DF7B00C1F50E /* Promotion.h */ = {isa = PBXFileReference; fileEncoding = 4; lastKnownFileType = sourcecode.c.h; path = Promotion.h; sourceTree = "<group>"; };
		7878F1521BE9DF7B00C1F50E /* Promotion.m */ = {isa = PBXFileReference; fileEncoding = 4; lastKnownFileType = sourcecode.c.objc; path = Promotion.m; sourceTree = "<group>"; };
		7878F1571BE9DF9100C1F50E /* NSDate+Addition.h */ = {isa = PBXFileReference; fileEncoding = 4; lastKnownFileType = sourcecode.c.h; path = "NSDate+Addition.h"; sourceTree = "<group>"; };
		7878F1581BE9DF9100C1F50E /* NSDate+Addition.m */ = {isa = PBXFileReference; fileEncoding = 4; lastKnownFileType = sourcecode.c.objc; path = "NSDate+Addition.m"; sourceTree = "<group>"; };
		7878F1801BE9F37500C1F50E /* wisdom.app */ = {isa = PBXFileReference; explicitFileType = wrapper.application; includeInIndex = 0; path = wisdom.app; sourceTree = BUILT_PRODUCTS_DIR; };
		78F3F90E1BEAE56B00C32300 /* NSString+Addition.h */ = {isa = PBXFileReference; fileEncoding = 4; lastKnownFileType = sourcecode.c.h; path = "NSString+Addition.h"; sourceTree = "<group>"; };
		78F3F90F1BEAE56B00C32300 /* NSString+Addition.m */ = {isa = PBXFileReference; fileEncoding = 4; lastKnownFileType = sourcecode.c.objc; path = "NSString+Addition.m"; sourceTree = "<group>"; };
/* End PBXFileReference section */

/* Begin PBXFrameworksBuildPhase section */
		7878F1311BE9DD4000C1F50E /* Frameworks */ = {
			isa = PBXFrameworksBuildPhase;
			buildActionMask = 2147483647;
			files = (
			);
			runOnlyForDeploymentPostprocessing = 0;
		};
		7878F17D1BE9F37500C1F50E /* Frameworks */ = {
			isa = PBXFrameworksBuildPhase;
			buildActionMask = 2147483647;
			files = (
			);
			runOnlyForDeploymentPostprocessing = 0;
		};
/* End PBXFrameworksBuildPhase section */

/* Begin PBXGroup section */
		7878F12B1BE9DD3F00C1F50E = {
			isa = PBXGroup;
			children = (
				7878F1361BE9DD4000C1F50E /* wisdomExercise */,
				7878F1351BE9DD4000C1F50E /* Products */,
			);
			sourceTree = "<group>";
		};
		7878F1351BE9DD4000C1F50E /* Products */ = {
			isa = PBXGroup;
			children = (
				7878F1341BE9DD4000C1F50E /* wisdomExercise */,
				7878F1801BE9F37500C1F50E /* wisdom.app */,
			);
			name = Products;
			sourceTree = "<group>";
		};
		7878F1361BE9DD4000C1F50E /* wisdomExercise */ = {
			isa = PBXGroup;
			children = (
				7878F1561BE9DF9100C1F50E /* Additions */,
				7878F14C1BE9DF7B00C1F50E /* Model */,
				7878F1371BE9DD4000C1F50E /* main.m */,
			);
			path = wisdomExercise;
			sourceTree = "<group>";
		};
		7878F14C1BE9DF7B00C1F50E /* Model */ = {
			isa = PBXGroup;
			children = (
				7878F14D1BE9DF7B00C1F50E /* Good.h */,
				7878F14E1BE9DF7B00C1F50E /* Good.m */,
				7878F14F1BE9DF7B00C1F50E /* Privilege.h */,
				7878F1501BE9DF7B00C1F50E /* Privilege.m */,
				7878F1511BE9DF7B00C1F50E /* Promotion.h */,
				7878F1521BE9DF7B00C1F50E /* Promotion.m */,
			);
			path = Model;
			sourceTree = "<group>";
		};
		7878F1561BE9DF9100C1F50E /* Additions */ = {
			isa = PBXGroup;
			children = (
				7878F1571BE9DF9100C1F50E /* NSDate+Addition.h */,
				7878F1581BE9DF9100C1F50E /* NSDate+Addition.m */,
				78F3F90E1BEAE56B00C32300 /* NSString+Addition.h */,
				78F3F90F1BEAE56B00C32300 /* NSString+Addition.m */,
			);
			path = Additions;
			sourceTree = "<group>";
		};
/* End PBXGroup section */

/* Begin PBXNativeTarget section */
		7878F1331BE9DD4000C1F50E /* wisdomExercise */ = {
			isa = PBXNativeTarget;
			buildConfigurationList = 7878F13B1BE9DD4000C1F50E /* Build configuration list for PBXNativeTarget "wisdomExercise" */;
			buildPhases = (
				7878F1301BE9DD4000C1F50E /* Sources */,
				7878F1311BE9DD4000C1F50E /* Frameworks */,
				7878F1321BE9DD4000C1F50E /* CopyFiles */,
			);
			buildRules = (
			);
			dependencies = (
			);
			name = wisdomExercise;
			productName = wisdomExercise;
			productReference = 7878F1341BE9DD4000C1F50E /* wisdomExercise */;
			productType = "com.apple.product-type.tool";
		};
		7878F17F1BE9F37500C1F50E /* wisdom */ = {
			isa = PBXNativeTarget;
			buildConfigurationList = 7878F1941BE9F37500C1F50E /* Build configuration list for PBXNativeTarget "wisdom" */;
			buildPhases = (
				7878F17C1BE9F37500C1F50E /* Sources */,
				7878F17D1BE9F37500C1F50E /* Frameworks */,
				7878F17E1BE9F37500C1F50E /* Resources */,
			);
			buildRules = (
			);
			dependencies = (
			);
			name = wisdom;
			productName = wisdom;
			productReference = 7878F1801BE9F37500C1F50E /* wisdom.app */;
			productType = "com.apple.product-type.application";
		};
/* End PBXNativeTarget section */

/* Begin PBXProject section */
		7878F12C1BE9DD4000C1F50E /* Project object */ = {
			isa = PBXProject;
			attributes = {
				LastUpgradeCheck = 0700;
				ORGANIZATIONNAME = wangxu;
				TargetAttributes = {
					7878F1331BE9DD4000C1F50E = {
						CreatedOnToolsVersion = 7.0;
					};
					7878F17F1BE9F37500C1F50E = {
						CreatedOnToolsVersion = 7.0;
					};
				};
			};
			buildConfigurationList = 7878F12F1BE9DD4000C1F50E /* Build configuration list for PBXProject "wisdomExercise" */;
			compatibilityVersion = "Xcode 3.2";
			developmentRegion = English;
			hasScannedForEncodings = 0;
			knownRegions = (
				en,
				Base,
			);
			mainGroup = 7878F12B1BE9DD3F00C1F50E;
			productRefGroup = 7878F1351BE9DD4000C1F50E /* Products */;
			projectDirPath = "";
			projectRoot = "";
			targets = (
				7878F1331BE9DD4000C1F50E /* wisdomExercise */,
				7878F17F1BE9F37500C1F50E /* wisdom */,
			);
		};
/* End PBXProject section */

/* Begin PBXResourcesBuildPhase section */
		7878F17E1BE9F37500C1F50E /* Resources */ = {
			isa = PBXResourcesBuildPhase;
			buildActionMask = 2147483647;
			files = (
			);
			runOnlyForDeploymentPostprocessing = 0;
		};
/* End PBXResourcesBuildPhase section */

/* Begin PBXSourcesBuildPhase section */
		7878F1301BE9DD4000C1F50E /* Sources */ = {
			isa = PBXSourcesBuildPhase;
			buildActionMask = 2147483647;
			files = (
				7878F1591BE9DF9100C1F50E /* NSDate+Addition.m in Sources */,
				78F3F9101BEAE56B00C32300 /* NSString+Addition.m in Sources */,
				7878F1541BE9DF7B00C1F50E /* Privilege.m in Sources */,
				7878F1531BE9DF7B00C1F50E /* Good.m in Sources */,
				7878F1381BE9DD4000C1F50E /* main.m in Sources */,
				7878F1551BE9DF7B00C1F50E /* Promotion.m in Sources */,
			);
			runOnlyForDeploymentPostprocessing = 0;
		};
		7878F17C1BE9F37500C1F50E /* Sources */ = {
			isa = PBXSourcesBuildPhase;
			buildActionMask = 2147483647;
			files = (
			);
			runOnlyForDeploymentPostprocessing = 0;
		};
/* End PBXSourcesBuildPhase section */

/* Begin XCBuildConfiguration section */
		7878F1391BE9DD4000C1F50E /* Debug */ = {
			isa = XCBuildConfiguration;
			buildSettings = {
				ALWAYS_SEARCH_USER_PATHS = NO;
				CLANG_CXX_LANGUAGE_STANDARD = "gnu++0x";
				CLANG_CXX_LIBRARY = "libc++";
				CLANG_ENABLE_MODULES = YES;
				CLANG_ENABLE_OBJC_ARC = YES;
				CLANG_WARN_BOOL_CONVERSION = YES;
				CLANG_WARN_CONSTANT_CONVERSION = YES;
				CLANG_WARN_DIRECT_OBJC_ISA_USAGE = YES_ERROR;
				CLANG_WARN_EMPTY_BODY = YES;
				CLANG_WARN_ENUM_CONVERSION = YES;
				CLANG_WARN_INT_CONVERSION = YES;
				CLANG_WARN_OBJC_ROOT_CLASS = YES_ERROR;
				CLANG_WARN_UNREACHABLE_CODE = YES;
				CLANG_WARN__DUPLICATE_METHOD_MATCH = YES;
				COPY_PHASE_STRIP = NO;
				DEBUG_INFORMATION_FORMAT = dwarf;
				ENABLE_STRICT_OBJC_MSGSEND = YES;
				ENABLE_TESTABILITY = YES;
				GCC_C_LANGUAGE_STANDARD = gnu99;
				GCC_DYNAMIC_NO_PIC = NO;
				GCC_NO_COMMON_BLOCKS = YES;
				GCC_OPTIMIZATION_LEVEL = 0;
				GCC_PREPROCESSOR_DEFINITIONS = (
					"DEBUG=1",
					"$(inherited)",
				);
				GCC_WARN_64_TO_32_BIT_CONVERSION = YES;
				GCC_WARN_ABOUT_RETURN_TYPE = YES_ERROR;
				GCC_WARN_UNDECLARED_SELECTOR = YES;
				GCC_WARN_UNINITIALIZED_AUTOS = YES_AGGRESSIVE;
				GCC_WARN_UNUSED_FUNCTION = YES;
				GCC_WARN_UNUSED_VARIABLE = YES;
				MACOSX_DEPLOYMENT_TARGET = 10.11;
				MTL_ENABLE_DEBUG_INFO = YES;
				ONLY_ACTIVE_ARCH = YES;
				SDKROOT = macosx;
			};
			name = Debug;
		};
		7878F13A1BE9DD4000C1F50E /* Release */ = {
			isa = XCBuildConfiguration;
			buildSettings = {
				ALWAYS_SEARCH_USER_PATHS = NO;
				CLANG_CXX_LANGUAGE_STANDARD = "gnu++0x";
				CLANG_CXX_LIBRARY = "libc++";
				CLANG_ENABLE_MODULES = YES;
				CLANG_ENABLE_OBJC_ARC = YES;
				CLANG_WARN_BOOL_CONVERSION = YES;
				CLANG_WARN_CONSTANT_CONVERSION = YES;
				CLANG_WARN_DIRECT_OBJC_ISA_USAGE = YES_ERROR;
				CLANG_WARN_EMPTY_BODY = YES;
				CLANG_WARN_ENUM_CONVERSION = YES;
				CLANG_WARN_INT_CONVERSION = YES;
				CLANG_WARN_OBJC_ROOT_CLASS = YES_ERROR;
				CLANG_WARN_UNREACHABLE_CODE = YES;
				CLANG_WARN__DUPLICATE_METHOD_MATCH = YES;
				COPY_PHASE_STRIP = NO;
				DEBUG_INFORMATION_FORMAT = "dwarf-with-dsym";
				ENABLE_NS_ASSERTIONS = NO;
				ENABLE_STRICT_OBJC_MSGSEND = YES;
				GCC_C_LANGUAGE_STANDARD = gnu99;
				GCC_NO_COMMON_BLOCKS = YES;
				GCC_WARN_64_TO_32_BIT_CONVERSION = YES;
				GCC_WARN_ABOUT_RETURN_TYPE = YES_ERROR;
				GCC_WARN_UNDECLARED_SELECTOR = YES;
				GCC_WARN_UNINITIALIZED_AUTOS = YES_AGGRESSIVE;
				GCC_WARN_UNUSED_FUNCTION = YES;
				GCC_WARN_UNUSED_VARIABLE = YES;
				MACOSX_DEPLOYMENT_TARGET = 10.11;
				MTL_ENABLE_DEBUG_INFO = NO;
				SDKROOT = macosx;
			};
			name = Release;
		};
		7878F13C1BE9DD4000C1F50E /* Debug */ = {
			isa = XCBuildConfiguration;
			buildSettings = {
				PRODUCT_NAME = "$(TARGET_NAME)";
			};
			name = Debug;
		};
		7878F13D1BE9DD4000C1F50E /* Release */ = {
			isa = XCBuildConfiguration;
			buildSettings = {
				PRODUCT_NAME = "$(TARGET_NAME)";
			};
			name = Release;
		};
		7878F1951BE9F37500C1F50E /* Debug */ = {
			isa = XCBuildConfiguration;
			buildSettings = {
				ASSETCATALOG_COMPILER_APPICON_NAME = AppIcon;
				"CODE_SIGN_IDENTITY[sdk=iphoneos*]" = "iPhone Developer";
				INFOPLIST_FILE = wisdom/Info.plist;
				IPHONEOS_DEPLOYMENT_TARGET = 9.0;
				LD_RUNPATH_SEARCH_PATHS = "$(inherited) @executable_path/Frameworks";
				PRODUCT_BUNDLE_IDENTIFIER = com.wisdom;
				PRODUCT_NAME = "$(TARGET_NAME)";
				SDKROOT = iphoneos;
				TARGETED_DEVICE_FAMILY = "1,2";
			};
			name = Debug;
		};
		7878F1961BE9F37500C1F50E /* Release */ = {
			isa = XCBuildConfiguration;
			buildSettings = {
				ASSETCATALOG_COMPILER_APPICON_NAME = AppIcon;
				"CODE_SIGN_IDENTITY[sdk=iphoneos*]" = "iPhone Developer";
				INFOPLIST_FILE = wisdom/Info.plist;
				IPHONEOS_DEPLOYMENT_TARGET = 9.0;
				LD_RUNPATH_SEARCH_PATHS = "$(inherited) @executable_path/Frameworks";
				PRODUCT_BUNDLE_IDENTIFIER = com.wisdom;
				PRODUCT_NAME = "$(TARGET_NAME)";
				SDKROOT = iphoneos;
				TARGETED_DEVICE_FAMILY = "1,2";
				VALIDATE_PRODUCT = YES;
			};
			name = Release;
		};
/* End XCBuildConfiguration section */

/* Begin XCConfigurationList section */
		7878F12F1BE9DD4000C1F50E /* Build configuration list for PBXProject "wisdomExercise" */ = {
			isa = XCConfigurationList;
			buildConfigurations = (
				7878F1391BE9DD4000C1F50E /* Debug */,
				7878F13A1BE9DD4000C1F50E /* Release */,
			);
			defaultConfigurationIsVisible = 0;
			defaultConfigurationName = Release;
		};
		7878F13B1BE9DD4000C1F50E /* Build configuration list for PBXNativeTarget "wisdomExercise" */ = {
			isa = XCConfigurationList;
			buildConfigurations = (
				7878F13C1BE9DD4000C1F50E /* Debug */,
				7878F13D1BE9DD4000C1F50E /* Release */,
			);
			defaultConfigurationIsVisible = 0;
			defaultConfigurationName = Release;
		};
		7878F1941BE9F37500C1F50E /* Build configuration list for PBXNativeTarget "wisdom" */ = {
			isa = XCConfigurationList;
			buildConfigurations = (
				7878F1951BE9F37500C1F50E /* Debug */,
				7878F1961BE9F37500C1F50E /* Release */,
			);
			defaultConfigurationIsVisible = 0;
			defaultConfigurationName = Release;
		};
/* End XCConfigurationList section */
	};
	rootObject = 7878F12C1BE9DD4000C1F50E /* Project object */;
}
